// !$*UTF8*$!
{
	archiveVersion = 1;
	classes = {
	};
	objectVersion = 46;
	objects = {

/* Begin PBXBuildFile section */
		A315F71B0AA0B63CF7AAFE93 /* Pods_StripeIt.framework in Frameworks */ = {isa = PBXBuildFile; fileRef = 25B16F47118E086DE316E5C7 /* Pods_StripeIt.framework */; };
		E3807CCC1E9C529700600F49 /* AppDelegate.swift in Sources */ = {isa = PBXBuildFile; fileRef = E3807CCB1E9C529700600F49 /* AppDelegate.swift */; };
		E3807CCE1E9C529700600F49 /* ViewController.swift in Sources */ = {isa = PBXBuildFile; fileRef = E3807CCD1E9C529700600F49 /* ViewController.swift */; };
		E3807CD11E9C529700600F49 /* Main.storyboard in Resources */ = {isa = PBXBuildFile; fileRef = E3807CCF1E9C529700600F49 /* Main.storyboard */; };
		E3807CD31E9C529700600F49 /* Assets.xcassets in Resources */ = {isa = PBXBuildFile; fileRef = E3807CD21E9C529700600F49 /* Assets.xcassets */; };
		E3807CD61E9C529700600F49 /* LaunchScreen.storyboard in Resources */ = {isa = PBXBuildFile; fileRef = E3807CD41E9C529700600F49 /* LaunchScreen.storyboard */; };
/* End PBXBuildFile section */

/* Begin PBXFileReference section */
		25B16F47118E086DE316E5C7 /* Pods_StripeIt.framework */ = {isa = PBXFileReference; explicitFileType = wrapper.framework; includeInIndex = 0; path = Pods_StripeIt.framework; sourceTree = BUILT_PRODUCTS_DIR; };
		E1E19BDC484A11944263EEE1 /* Pods-StripeIt.release.xcconfig */ = {isa = PBXFileReference; includeInIndex = 1; lastKnownFileType = text.xcconfig; name = "Pods-StripeIt.release.xcconfig"; path = "Pods/Target Support Files/Pods-StripeIt/Pods-StripeIt.release.xcconfig"; sourceTree = "<group>"; };
		E3807CC81E9C529700600F49 /* StripeIt.app */ = {isa = PBXFileReference; explicitFileType = wrapper.application; includeInIndex = 0; path = StripeIt.app; sourceTree = BUILT_PRODUCTS_DIR; };
		E3807CCB1E9C529700600F49 /* AppDelegate.swift */ = {isa = PBXFileReference; lastKnownFileType = sourcecode.swift; path = AppDelegate.swift; sourceTree = "<group>"; };
		E3807CCD1E9C529700600F49 /* ViewController.swift */ = {isa = PBXFileReference; lastKnownFileType = sourcecode.swift; path = ViewController.swift; sourceTree = "<group>"; };
		E3807CD01E9C529700600F49 /* Base */ = {isa = PBXFileReference; lastKnownFileType = file.storyboard; name = Base; path = Base.lproj/Main.storyboard; sourceTree = "<group>"; };
		E3807CD21E9C529700600F49 /* Assets.xcassets */ = {isa = PBXFileReference; lastKnownFileType = folder.assetcatalog; path = Assets.xcassets; sourceTree = "<group>"; };
		E3807CD51E9C529700600F49 /* Base */ = {isa = PBXFileReference; lastKnownFileType = file.storyboard; name = Base; path = Base.lproj/LaunchScreen.storyboard; sourceTree = "<group>"; };
		E3807CD71E9C529700600F49 /* Info.plist */ = {isa = PBXFileReference; lastKnownFileType = text.plist.xml; path = Info.plist; sourceTree = "<group>"; };
		E3807CDD1E9C57CD00600F49 /* StripeIt.entitlements */ = {isa = PBXFileReference; lastKnownFileType = text.plist.entitlements; path = StripeIt.entitlements; sourceTree = "<group>"; };
		EF6B29BAB8391775CFDC2F3B /* Pods-StripeIt.debug.xcconfig */ = {isa = PBXFileReference; includeInIndex = 1; lastKnownFileType = text.xcconfig; name = "Pods-StripeIt.debug.xcconfig"; path = "Pods/Target Support Files/Pods-StripeIt/Pods-StripeIt.debug.xcconfig"; sourceTree = "<group>"; };
/* End PBXFileReference section */

/* Begin PBXFrameworksBuildPhase section */
		E3807CC51E9C529700600F49 /* Frameworks */ = {
			isa = PBXFrameworksBuildPhase;
			buildActionMask = 2147483647;
			files = (
				A315F71B0AA0B63CF7AAFE93 /* Pods_StripeIt.framework in Frameworks */,
			);
			runOnlyForDeploymentPostprocessing = 0;
		};
/* End PBXFrameworksBuildPhase section */

/* Begin PBXGroup section */
		793ECF344A66C6B7D915025C /* Pods */ = {
			isa = PBXGroup;
			children = (
				EF6B29BAB8391775CFDC2F3B /* Pods-StripeIt.debug.xcconfig */,
				E1E19BDC484A11944263EEE1 /* Pods-StripeIt.release.xcconfig */,
			);
			name = Pods;
			sourceTree = "<group>";
		};
		E3807CBF1E9C529700600F49 = {
			isa = PBXGroup;
			children = (
				E3807CCA1E9C529700600F49 /* StripeIt */,
				E3807CC91E9C529700600F49 /* Products */,
				793ECF344A66C6B7D915025C /* Pods */,
				ED004A3585A32E6BE1DEA181 /* Frameworks */,
			);
			sourceTree = "<group>";
		};
		E3807CC91E9C529700600F49 /* Products */ = {
			isa = PBXGroup;
			children = (
				E3807CC81E9C529700600F49 /* StripeIt.app */,
			);
			name = Products;
			sourceTree = "<group>";
		};
		E3807CCA1E9C529700600F49 /* StripeIt */ = {
			isa = PBXGroup;
			children = (
				E3807CDD1E9C57CD00600F49 /* StripeIt.entitlements */,
				E3807CCB1E9C529700600F49 /* AppDelegate.swift */,
				E3807CCD1E9C529700600F49 /* ViewController.swift */,
				E3807CCF1E9C529700600F49 /* Main.storyboard */,
				E3807CD21E9C529700600F49 /* Assets.xcassets */,
				E3807CD41E9C529700600F49 /* LaunchScreen.storyboard */,
				E3807CD71E9C529700600F49 /* Info.plist */,
			);
			path = StripeIt;
			sourceTree = "<group>";
		};
		ED004A3585A32E6BE1DEA181 /* Frameworks */ = {
			isa = PBXGroup;
			children = (
				25B16F47118E086DE316E5C7 /* Pods_StripeIt.framework */,
			);
			name = Frameworks;
			sourceTree = "<group>";
		};
/* End PBXGroup section */

/* Begin PBXNativeTarget section */
		E3807CC71E9C529700600F49 /* StripeIt */ = {
			isa = PBXNativeTarget;
			buildConfigurationList = E3807CDA1E9C529700600F49 /* Build configuration list for PBXNativeTarget "StripeIt" */;
			buildPhases = (
				73C3768256E3E143ECBD458E /* [CP] Check Pods Manifest.lock */,
				E3807CC41E9C529700600F49 /* Sources */,
				E3807CC51E9C529700600F49 /* Frameworks */,
				E3807CC61E9C529700600F49 /* Resources */,
				B4631B8A8F1B32106E70AAC9 /* [CP] Embed Pods Frameworks */,
				1518A2B3240237D03FE8CA91 /* [CP] Copy Pods Resources */,
			);
			buildRules = (
			);
			dependencies = (
			);
			name = StripeIt;
			productName = StripeIt;
			productReference = E3807CC81E9C529700600F49 /* StripeIt.app */;
			productType = "com.apple.product-type.application";
		};
/* End PBXNativeTarget section */

/* Begin PBXProject section */
		E3807CC01E9C529700600F49 /* Project object */ = {
			isa = PBXProject;
			attributes = {
				LastSwiftUpdateCheck = 0820;
				LastUpgradeCheck = 0820;
				ORGANIZATIONNAME = "Jeremy Broutin";
				TargetAttributes = {
					E3807CC71E9C529700600F49 = {
						CreatedOnToolsVersion = 8.2.1;
						DevelopmentTeam = 4QSA42CC68;
						ProvisioningStyle = Automatic;
						SystemCapabilities = {
							com.apple.ApplePay = {
								enabled = 1;
							};
						};
					};
				};
			};
			buildConfigurationList = E3807CC31E9C529700600F49 /* Build configuration list for PBXProject "StripeIt" */;
			compatibilityVersion = "Xcode 3.2";
			developmentRegion = English;
			hasScannedForEncodings = 0;
			knownRegions = (
				en,
				Base,
			);
			mainGroup = E3807CBF1E9C529700600F49;
			productRefGroup = E3807CC91E9C529700600F49 /* Products */;
			projectDirPath = "";
			projectRoot = "";
			targets = (
				E3807CC71E9C529700600F49 /* StripeIt */,
			);
		};
/* End PBXProject section */

/* Begin PBXResourcesBuildPhase section */
		E3807CC61E9C529700600F49 /* Resources */ = {
			isa = PBXResourcesBuildPhase;
			buildActionMask = 2147483647;
			files = (
				E3807CD61E9C529700600F49 /* LaunchScreen.storyboard in Resources */,
				E3807CD31E9C529700600F49 /* Assets.xcassets in Resources */,
				E3807CD11E9C529700600F49 /* Main.storyboard in Resources */,
			);
			runOnlyForDeploymentPostprocessing = 0;
		};
/* End PBXResourcesBuildPhase section */

/* Begin PBXShellScriptBuildPhase section */
		1518A2B3240237D03FE8CA91 /* [CP] Copy Pods Resources */ = {
			isa = PBXShellScriptBuildPhase;
			buildActionMask = 2147483647;
			files = (
			);
			inputPaths = (
			);
			name = "[CP] Copy Pods Resources";
			outputPaths = (
			);
			runOnlyForDeploymentPostprocessing = 0;
			shellPath = /bin/sh;
			shellScript = "\"${SRCROOT}/Pods/Target Support Files/Pods-StripeIt/Pods-StripeIt-resources.sh\"\n";
			showEnvVarsInLog = 0;
		};
		73C3768256E3E143ECBD458E /* [CP] Check Pods Manifest.lock */ = {
			isa = PBXShellScriptBuildPhase;
			buildActionMask = 2147483647;
			files = (
			);
			inputPaths = (
			);
			name = "[CP] Check Pods Manifest.lock";
			outputPaths = (
			);
			runOnlyForDeploymentPostprocessing = 0;
			shellPath = /bin/sh;
			shellScript = "diff \"${PODS_PODFILE_DIR_PATH}/Podfile.lock\" \"${PODS_ROOT}/Manifest.lock\" > /dev/null\nif [ $? != 0 ] ; then\n    # print error to STDERR\n    echo \"error: The sandbox is not in sync with the Podfile.lock. Run 'pod install' or update your CocoaPods installation.\" >&2\n    exit 1\nfi\n";
			showEnvVarsInLog = 0;
		};
		B4631B8A8F1B32106E70AAC9 /* [CP] Embed Pods Frameworks */ = {
			isa = PBXShellScriptBuildPhase;
			buildActionMask = 2147483647;
			files = (
			);
			inputPaths = (
			);
			name = "[CP] Embed Pods Frameworks";
			outputPaths = (
			);
			runOnlyForDeploymentPostprocessing = 0;
			shellPath = /bin/sh;
			shellScript = "\"${SRCROOT}/Pods/Target Support Files/Pods-StripeIt/Pods-StripeIt-frameworks.sh\"\n";
			showEnvVarsInLog = 0;
		};
/* End PBXShellScriptBuildPhase section */

/* Begin PBXSourcesBuildPhase section */
		E3807CC41E9C529700600F49 /* Sources */ = {
			isa = PBXSourcesBuildPhase;
			buildActionMask = 2147483647;
			files = (
				E3807CCE1E9C529700600F49 /* ViewController.swift in Sources */,
				E3807CCC1E9C529700600F49 /* AppDelegate.swift in Sources */,
			);
			runOnlyForDeploymentPostprocessing = 0;
		};
/* End PBXSourcesBuildPhase section */

/* Begin PBXVariantGroup section */
		E3807CCF1E9C529700600F49 /* Main.storyboard */ = {
			isa = PBXVariantGroup;
			children = (
				E3807CD01E9C529700600F49 /* Base */,
			);
			name = Main.storyboard;
			sourceTree = "<group>";
		};
		E3807CD41E9C529700600F49 /* LaunchScreen.storyboard */ = {
			isa = PBXVariantGroup;
			children = (
				E3807CD51E9C529700600F49 /* Base */,
			);
			name = LaunchScreen.storyboard;
			sourceTree = "<group>";
		};
/* End PBXVariantGroup section */

/* Begin XCBuildConfiguration section */
		E3807CD81E9C529700600F49 /* Debug */ = {
			isa = XCBuildConfiguration;
			buildSettings = {
				ALWAYS_SEARCH_USER_PATHS = NO;
				CLANG_ANALYZER_NONNULL = YES;
				CLANG_CXX_LANGUAGE_STANDARD = "gnu++0x";
				CLANG_CXX_LIBRARY = "libc++";
				CLANG_ENABLE_MODULES = YES;
				CLANG_ENABLE_OBJC_ARC = YES;
				CLANG_WARN_BOOL_CONVERSION = YES;
				CLANG_WARN_CONSTANT_CONVERSION = YES;
				CLANG_WARN_DIRECT_OBJC_ISA_USAGE = YES_ERROR;
				CLANG_WARN_DOCUMENTATION_COMMENTS = YES;
				CLANG_WARN_EMPTY_BODY = YES;
				CLANG_WARN_ENUM_CONVERSION = YES;
				CLANG_WARN_INFINITE_RECURSION = YES;
				CLANG_WARN_INT_CONVERSION = YES;
				CLANG_WARN_OBJC_ROOT_CLASS = YES_ERROR;
				CLANG_WARN_SUSPICIOUS_MOVE = YES;
				CLANG_WARN_UNREACHABLE_CODE = YES;
				CLANG_WARN__DUPLICATE_METHOD_MATCH = YES;
				"CODE_SIGN_IDENTITY[sdk=iphoneos*]" = "iPhone Developer";
				COPY_PHASE_STRIP = NO;
				DEBUG_INFORMATION_FORMAT = dwarf;
				ENABLE_STRICT_OBJC_MSGSEND = YES;
				ENABLE_TESTABILITY = YES;
				GCC_C_LANGUAGE_STANDARD = gnu99;
				GCC_DYNAMIC_NO_PIC = NO;
				GCC_NO_COMMON_BLOCKS = YES;
				GCC_OPTIMIZATION_LEVEL = 0;
				GCC_PREPROCESSOR_DEFINITIONS = (
					"DEBUG=1",
					"$(inherited)",
				);
				GCC_WARN_64_TO_32_BIT_CONVERSION = YES;
				GCC_WARN_ABOUT_RETURN_TYPE = YES_ERROR;
				GCC_WARN_UNDECLARED_SELECTOR = YES;
				GCC_WARN_UNINITIALIZED_AUTOS = YES_AGGRESSIVE;
				GCC_WARN_UNUSED_FUNCTION = YES;
				GCC_WARN_UNUSED_VARIABLE = YES;
				IPHONEOS_DEPLOYMENT_TARGET = 10.2;
				MTL_ENABLE_DEBUG_INFO = YES;
				ONLY_ACTIVE_ARCH = YES;
				SDKROOT = iphoneos;
				SWIFT_ACTIVE_COMPILATION_CONDITIONS = DEBUG;
				SWIFT_OPTIMIZATION_LEVEL = "-Onone";
			};
			name = Debug;
		};
		E3807CD91E9C529700600F49 /* Release */ = {
			isa = XCBuildConfiguration;
			buildSettings = {
				ALWAYS_SEARCH_USER_PATHS = NO;
				CLANG_ANALYZER_NONNULL = YES;
				CLANG_CXX_LANGUAGE_STANDARD = "gnu++0x";
				CLANG_CXX_LIBRARY = "libc++";
				CLANG_ENABLE_MODULES = YES;
				CLANG_ENABLE_OBJC_ARC = YES;
				CLANG_WARN_BOOL_CONVERSION = YES;
				CLANG_WARN_CONSTANT_CONVERSION = YES;
				CLANG_WARN_DIRECT_OBJC_ISA_USAGE = YES_ERROR;
				CLANG_WARN_DOCUMENTATION_COMMENTS = YES;
				CLANG_WARN_EMPTY_BODY = YES;
				CLANG_WARN_ENUM_CONVERSION = YES;
				CLANG_WARN_INFINITE_RECURSION = YES;
				CLANG_WARN_INT_CONVERSION = YES;
				CLANG_WARN_OBJC_ROOT_CLASS = YES_ERROR;
				CLANG_WARN_SUSPICIOUS_MOVE = YES;
				CLANG_WARN_UNREACHABLE_CODE = YES;
				CLANG_WARN__DUPLICATE_METHOD_MATCH = YES;
				"CODE_SIGN_IDENTITY[sdk=iphoneos*]" = "iPhone Developer";
				COPY_PHASE_STRIP = NO;
				DEBUG_INFORMATION_FORMAT = "dwarf-with-dsym";
				ENABLE_NS_ASSERTIONS = NO;
				ENABLE_STRICT_OBJC_MSGSEND = YES;
				GCC_C_LANGUAGE_STANDARD = gnu99;
				GCC_NO_COMMON_BLOCKS = YES;
				GCC_WARN_64_TO_32_BIT_CONVERSION = YES;
				GCC_WARN_ABOUT_RETURN_TYPE = YES_ERROR;
				GCC_WARN_UNDECLARED_SELECTOR = YES;
				GCC_WARN_UNINITIALIZED_AUTOS = YES_AGGRESSIVE;
				GCC_WARN_UNUSED_FUNCTION = YES;
				GCC_WARN_UNUSED_VARIABLE = YES;
				IPHONEOS_DEPLOYMENT_TARGET = 10.2;
				MTL_ENABLE_DEBUG_INFO = NO;
				SDKROOT = iphoneos;
				SWIFT_OPTIMIZATION_LEVEL = "-Owholemodule";
				VALIDATE_PRODUCT = YES;
			};
			name = Release;
		};
		E3807CDB1E9C529700600F49 /* Debug */ = {
			isa = XCBuildConfiguration;
			baseConfigurationReference = EF6B29BAB8391775CFDC2F3B /* Pods-StripeIt.debug.xcconfig */;
			buildSettings = {
				ASSETCATALOG_COMPILER_APPICON_NAME = AppIcon;
				CODE_SIGN_ENTITLEMENTS = StripeIt/StripeIt.entitlements;
				DEVELOPMENT_TEAM = 4QSA42CC68;
				INFOPLIST_FILE = StripeIt/Info.plist;
				LD_RUNPATH_SEARCH_PATHS = "$(inherited) @executable_path/Frameworks";
				PRODUCT_BUNDLE_IDENTIFIER = com.jeremybroutin.StripeIt;
				PRODUCT_NAME = "$(TARGET_NAME)";
				SWIFT_VERSION = 3.0;
			};
			name = Debug;
		};
		E3807CDC1E9C529700600F49 /* Release */ = {
			isa = XCBuildConfiguration;
			baseConfigurationReference = E1E19BDC484A11944263EEE1 /* Pods-StripeIt.release.xcconfig */;
			buildSettings = {
				ASSETCATALOG_COMPILER_APPICON_NAME = AppIcon;
				CODE_SIGN_ENTITLEMENTS = StripeIt/StripeIt.entitlements;
				DEVELOPMENT_TEAM = 4QSA42CC68;
				INFOPLIST_FILE = StripeIt/Info.plist;
				LD_RUNPATH_SEARCH_PATHS = "$(inherited) @executable_path/Frameworks";
				PRODUCT_BUNDLE_IDENTIFIER = com.jeremybroutin.StripeIt;
				PRODUCT_NAME = "$(TARGET_NAME)";
				SWIFT_VERSION = 3.0;
			};
			name = Release;
		};
/* End XCBuildConfiguration section */

/* Begin XCConfigurationList section */
		E3807CC31E9C529700600F49 /* Build configuration list for PBXProject "StripeIt" */ = {
			isa = XCConfigurationList;
			buildConfigurations = (
				E3807CD81E9C529700600F49 /* Debug */,
				E3807CD91E9C529700600F49 /* Release */,
			);
			defaultConfigurationIsVisible = 0;
			defaultConfigurationName = Release;
		};
		E3807CDA1E9C529700600F49 /* Build configuration list for PBXNativeTarget "StripeIt" */ = {
			isa = XCConfigurationList;
			buildConfigurations = (
				E3807CDB1E9C529700600F49 /* Debug */,
				E3807CDC1E9C529700600F49 /* Release */,
			);
			defaultConfigurationIsVisible = 0;
			defaultConfigurationName = Release;
		};
/* End XCConfigurationList section */
	};
	rootObject = E3807CC01E9C529700600F49 /* Project object */;
}
